
Microsoft Visual Studio Solution File, Format Version 12.00
# Visual Studio Version 17
VisualStudioVersion = 17.4.33213.308
MinimumVisualStudioVersion = 10.0.40219.1
Project("{FAE04EC0-301F-11D3-BF4B-00C04F79EFBC}") = "BulkyBookWeb", "BulkyBookWeb\BulkyBookWeb.csproj", "{EECFC7F0-5952-40EF-B8BD-AC215469EA2E}"
EndProject
Global
	GlobalSection(SolutionConfigurationPlatforms) = preSolution
		Debug|Any CPU = Debug|Any CPU
		Release|Any CPU = Release|Any CPU
	EndGlobalSection
	GlobalSection(ProjectConfigurationPlatforms) = postSolution
		{EECFC7F0-5952-40EF-B8BD-AC215469EA2E}.Debug|Any CPU.ActiveCfg = Debug|Any CPU
		{EECFC7F0-5952-40EF-B8BD-AC215469EA2E}.Debug|Any CPU.Build.0 = Debug|Any CPU
		{EECFC7F0-5952-40EF-B8BD-AC215469EA2E}.Release|Any CPU.ActiveCfg = Release|Any CPU
		{EECFC7F0-5952-40EF-B8BD-AC215469EA2E}.Release|Any CPU.Build.0 = Release|Any CPU
	EndGlobalSection
	GlobalSection(SolutionProperties) = preSolution
		HideSolutionNode = FALSE
	EndGlobalSection
	GlobalSection(ExtensibilityGlobals) = postSolution
		SolutionGuid = {74CBB6F7-DDB4-4E83-B545-74880371E018}
	EndGlobalSection
EndGlobal
